
Microsoft Visual Studio Solution File, Format Version 12.00
# Visual Studio Version 16
VisualStudioVersion = 16.0.30204.135
MinimumVisualStudioVersion = 10.0.40219.1
Project("{8BC9CEB8-8B4A-11D0-8D11-00A0C91BC942}") = "MatrixVariant1", "MatrixVariant1\MatrixVariant1.vcxproj", "{3D8C6CE1-B670-4557-9333-462E5D3411E7}"
EndProject
Global
	GlobalSection(SolutionConfigurationPlatforms) = preSolution
		Debug|x64 = Debug|x64
		Debug|x86 = Debug|x86
		Release|x64 = Release|x64
		Release|x86 = Release|x86
	EndGlobalSection
	GlobalSection(ProjectConfigurationPlatforms) = postSolution
		{3D8C6CE1-B670-4557-9333-462E5D3411E7}.Debug|x64.ActiveCfg = Debug|x64
		{3D8C6CE1-B670-4557-9333-462E5D3411E7}.Debug|x64.Build.0 = Debug|x64
		{3D8C6CE1-B670-4557-9333-462E5D3411E7}.Debug|x86.ActiveCfg = Debug|Win32
		{3D8C6CE1-B670-4557-9333-462E5D3411E7}.Debug|x86.Build.0 = Debug|Win32
		{3D8C6CE1-B670-4557-9333-462E5D3411E7}.Release|x64.ActiveCfg = Release|x64
		{3D8C6CE1-B670-4557-9333-462E5D3411E7}.Release|x64.Build.0 = Release|x64
		{3D8C6CE1-B670-4557-9333-462E5D3411E7}.Release|x86.ActiveCfg = Release|Win32
		{3D8C6CE1-B670-4557-9333-462E5D3411E7}.Release|x86.Build.0 = Release|Win32
	EndGlobalSection
	GlobalSection(SolutionProperties) = preSolution
		HideSolutionNode = FALSE
	EndGlobalSection
	GlobalSection(ExtensibilityGlobals) = postSolution
		SolutionGuid = {949F1AA9-B134-44B3-A5A0-0D3742D512B8}
	EndGlobalSection
EndGlobal
